// !$*UTF8*$!
{
	archiveVersion = 1;
	classes = {
	};
	objectVersion = 50;
	objects = {

/* Begin PBXBuildFile section */
		4FA526502744D1B70074DC6C /* AppDelegate.swift in Sources */ = {isa = PBXBuildFile; fileRef = 4FA5264F2744D1B70074DC6C /* AppDelegate.swift */; };
		4FA526522744D1B70074DC6C /* SceneDelegate.swift in Sources */ = {isa = PBXBuildFile; fileRef = 4FA526512744D1B70074DC6C /* SceneDelegate.swift */; };
		4FA526572744D1B70074DC6C /* Main.storyboard in Resources */ = {isa = PBXBuildFile; fileRef = 4FA526552744D1B70074DC6C /* Main.storyboard */; };
		4FA5265A2744D1B70074DC6C /* ButtonPanelView.xcdatamodeld in Sources */ = {isa = PBXBuildFile; fileRef = 4FA526582744D1B70074DC6C /* ButtonPanelView.xcdatamodeld */; };
		4FA5265C2744D1BB0074DC6C /* Assets.xcassets in Resources */ = {isa = PBXBuildFile; fileRef = 4FA5265B2744D1BB0074DC6C /* Assets.xcassets */; };
		4FA5265F2744D1BB0074DC6C /* LaunchScreen.storyboard in Resources */ = {isa = PBXBuildFile; fileRef = 4FA5265D2744D1BB0074DC6C /* LaunchScreen.storyboard */; };
		4FA526672744D2690074DC6C /* ButtonPanelView.swift in Sources */ = {isa = PBXBuildFile; fileRef = 4FA526662744D2690074DC6C /* ButtonPanelView.swift */; };
		4FA526692744FE3A0074DC6C /* ButtonPanelViewController.swift in Sources */ = {isa = PBXBuildFile; fileRef = 4FA526682744FE3A0074DC6C /* ButtonPanelViewController.swift */; };
/* End PBXBuildFile section */

/* Begin PBXFileReference section */
		4FA5264C2744D1B70074DC6C /* ButtonPanelView.app */ = {isa = PBXFileReference; explicitFileType = wrapper.application; includeInIndex = 0; path = ButtonPanelView.app; sourceTree = BUILT_PRODUCTS_DIR; };
		4FA5264F2744D1B70074DC6C /* AppDelegate.swift */ = {isa = PBXFileReference; lastKnownFileType = sourcecode.swift; path = AppDelegate.swift; sourceTree = "<group>"; };
		4FA526512744D1B70074DC6C /* SceneDelegate.swift */ = {isa = PBXFileReference; lastKnownFileType = sourcecode.swift; path = SceneDelegate.swift; sourceTree = "<group>"; };
		4FA526562744D1B70074DC6C /* Base */ = {isa = PBXFileReference; lastKnownFileType = file.storyboard; name = Base; path = Base.lproj/Main.storyboard; sourceTree = "<group>"; };
		4FA526592744D1B70074DC6C /* ButtonPanelView.xcdatamodel */ = {isa = PBXFileReference; lastKnownFileType = wrapper.xcdatamodel; path = ButtonPanelView.xcdatamodel; sourceTree = "<group>"; };
		4FA5265B2744D1BB0074DC6C /* Assets.xcassets */ = {isa = PBXFileReference; lastKnownFileType = folder.assetcatalog; path = Assets.xcassets; sourceTree = "<group>"; };
		4FA5265E2744D1BB0074DC6C /* Base */ = {isa = PBXFileReference; lastKnownFileType = file.storyboard; name = Base; path = Base.lproj/LaunchScreen.storyboard; sourceTree = "<group>"; };
		4FA526602744D1BB0074DC6C /* Info.plist */ = {isa = PBXFileReference; lastKnownFileType = text.plist.xml; path = Info.plist; sourceTree = "<group>"; };
		4FA526662744D2690074DC6C /* ButtonPanelView.swift */ = {isa = PBXFileReference; lastKnownFileType = sourcecode.swift; path = ButtonPanelView.swift; sourceTree = "<group>"; };
		4FA526682744FE3A0074DC6C /* ButtonPanelViewController.swift */ = {isa = PBXFileReference; lastKnownFileType = sourcecode.swift; path = ButtonPanelViewController.swift; sourceTree = "<group>"; };
/* End PBXFileReference section */

/* Begin PBXFrameworksBuildPhase section */
		4FA526492744D1B70074DC6C /* Frameworks */ = {
			isa = PBXFrameworksBuildPhase;
			buildActionMask = 2147483647;
			files = (
			);
			runOnlyForDeploymentPostprocessing = 0;
		};
/* End PBXFrameworksBuildPhase section */

/* Begin PBXGroup section */
		4FA526432744D1B70074DC6C = {
			isa = PBXGroup;
			children = (
				4FA5264E2744D1B70074DC6C /* ButtonPanelView */,
				4FA5264D2744D1B70074DC6C /* Products */,
			);
			sourceTree = "<group>";
		};
		4FA5264D2744D1B70074DC6C /* Products */ = {
			isa = PBXGroup;
			children = (
				4FA5264C2744D1B70074DC6C /* ButtonPanelView.app */,
			);
			name = Products;
			sourceTree = "<group>";
		};
		4FA5264E2744D1B70074DC6C /* ButtonPanelView */ = {
			isa = PBXGroup;
			children = (
				4FA5264F2744D1B70074DC6C /* AppDelegate.swift */,
				4FA526512744D1B70074DC6C /* SceneDelegate.swift */,
				4FA526552744D1B70074DC6C /* Main.storyboard */,
				4FA526682744FE3A0074DC6C /* ButtonPanelViewController.swift */,
				4FA526662744D2690074DC6C /* ButtonPanelView.swift */,
				4FA5265B2744D1BB0074DC6C /* Assets.xcassets */,
				4FA5265D2744D1BB0074DC6C /* LaunchScreen.storyboard */,
				4FA526602744D1BB0074DC6C /* Info.plist */,
				4FA526582744D1B70074DC6C /* ButtonPanelView.xcdatamodeld */,
			);
			path = ButtonPanelView;
			sourceTree = "<group>";
		};
/* End PBXGroup section */

/* Begin PBXNativeTarget section */
		4FA5264B2744D1B70074DC6C /* ButtonPanelView */ = {
			isa = PBXNativeTarget;
			buildConfigurationList = 4FA526632744D1BB0074DC6C /* Build configuration list for PBXNativeTarget "ButtonPanelView" */;
			buildPhases = (
				4FA526482744D1B70074DC6C /* Sources */,
				4FA526492744D1B70074DC6C /* Frameworks */,
				4FA5264A2744D1B70074DC6C /* Resources */,
			);
			buildRules = (
			);
			dependencies = (
			);
			name = ButtonPanelView;
			productName = ButtonPanelView;
			productReference = 4FA5264C2744D1B70074DC6C /* ButtonPanelView.app */;
			productType = "com.apple.product-type.application";
		};
/* End PBXNativeTarget section */

/* Begin PBXProject section */
		4FA526442744D1B70074DC6C /* Project object */ = {
			isa = PBXProject;
			attributes = {
				LastSwiftUpdateCheck = 1250;
				LastUpgradeCheck = 1250;
				TargetAttributes = {
					4FA5264B2744D1B70074DC6C = {
						CreatedOnToolsVersion = 12.5;
					};
				};
			};
			buildConfigurationList = 4FA526472744D1B70074DC6C /* Build configuration list for PBXProject "ButtonPanelView" */;
			compatibilityVersion = "Xcode 9.3";
			developmentRegion = en;
			hasScannedForEncodings = 0;
			knownRegions = (
				en,
				Base,
			);
			mainGroup = 4FA526432744D1B70074DC6C;
			productRefGroup = 4FA5264D2744D1B70074DC6C /* Products */;
			projectDirPath = "";
			projectRoot = "";
			targets = (
				4FA5264B2744D1B70074DC6C /* ButtonPanelView */,
			);
		};
/* End PBXProject section */

/* Begin PBXResourcesBuildPhase section */
		4FA5264A2744D1B70074DC6C /* Resources */ = {
			isa = PBXResourcesBuildPhase;
			buildActionMask = 2147483647;
			files = (
				4FA5265F2744D1BB0074DC6C /* LaunchScreen.storyboard in Resources */,
				4FA5265C2744D1BB0074DC6C /* Assets.xcassets in Resources */,
				4FA526572744D1B70074DC6C /* Main.storyboard in Resources */,
			);
			runOnlyForDeploymentPostprocessing = 0;
		};
/* End PBXResourcesBuildPhase section */

/* Begin PBXSourcesBuildPhase section */
		4FA526482744D1B70074DC6C /* Sources */ = {
			isa = PBXSourcesBuildPhase;
			buildActionMask = 2147483647;
			files = (
				4FA526502744D1B70074DC6C /* AppDelegate.swift in Sources */,
				4FA526692744FE3A0074DC6C /* ButtonPanelViewController.swift in Sources */,
				4FA526522744D1B70074DC6C /* SceneDelegate.swift in Sources */,
				4FA5265A2744D1B70074DC6C /* ButtonPanelView.xcdatamodeld in Sources */,
				4FA526672744D2690074DC6C /* ButtonPanelView.swift in Sources */,
			);
			runOnlyForDeploymentPostprocessing = 0;
		};
/* End PBXSourcesBuildPhase section */

/* Begin PBXVariantGroup section */
		4FA526552744D1B70074DC6C /* Main.storyboard */ = {
			isa = PBXVariantGroup;
			children = (
				4FA526562744D1B70074DC6C /* Base */,
			);
			name = Main.storyboard;
			sourceTree = "<group>";
		};
		4FA5265D2744D1BB0074DC6C /* LaunchScreen.storyboard */ = {
			isa = PBXVariantGroup;
			children = (
				4FA5265E2744D1BB0074DC6C /* Base */,
			);
			name = LaunchScreen.storyboard;
			sourceTree = "<group>";
		};
/* End PBXVariantGroup section */

/* Begin XCBuildConfiguration section */
		4FA526612744D1BB0074DC6C /* Debug */ = {
			isa = XCBuildConfiguration;
			buildSettings = {
				ALWAYS_SEARCH_USER_PATHS = NO;
				CLANG_ANALYZER_NONNULL = YES;
				CLANG_ANALYZER_NUMBER_OBJECT_CONVERSION = YES_AGGRESSIVE;
				CLANG_CXX_LANGUAGE_STANDARD = "gnu++14";
				CLANG_CXX_LIBRARY = "libc++";
				CLANG_ENABLE_MODULES = YES;
				CLANG_ENABLE_OBJC_ARC = YES;
				CLANG_ENABLE_OBJC_WEAK = YES;
				CLANG_WARN_BLOCK_CAPTURE_AUTORELEASING = YES;
				CLANG_WARN_BOOL_CONVERSION = YES;
				CLANG_WARN_COMMA = YES;
				CLANG_WARN_CONSTANT_CONVERSION = YES;
				CLANG_WARN_DEPRECATED_OBJC_IMPLEMENTATIONS = YES;
				CLANG_WARN_DIRECT_OBJC_ISA_USAGE = YES_ERROR;
				CLANG_WARN_DOCUMENTATION_COMMENTS = YES;
				CLANG_WARN_EMPTY_BODY = YES;
				CLANG_WARN_ENUM_CONVERSION = YES;
				CLANG_WARN_INFINITE_RECURSION = YES;
				CLANG_WARN_INT_CONVERSION = YES;
				CLANG_WARN_NON_LITERAL_NULL_CONVERSION = YES;
				CLANG_WARN_OBJC_IMPLICIT_RETAIN_SELF = YES;
				CLANG_WARN_OBJC_LITERAL_CONVERSION = YES;
				CLANG_WARN_OBJC_ROOT_CLASS = YES_ERROR;
				CLANG_WARN_QUOTED_INCLUDE_IN_FRAMEWORK_HEADER = YES;
				CLANG_WARN_RANGE_LOOP_ANALYSIS = YES;
				CLANG_WARN_STRICT_PROTOTYPES = YES;
				CLANG_WARN_SUSPICIOUS_MOVE = YES;
				CLANG_WARN_UNGUARDED_AVAILABILITY = YES_AGGRESSIVE;
				CLANG_WARN_UNREACHABLE_CODE = YES;
				CLANG_WARN__DUPLICATE_METHOD_MATCH = YES;
				COPY_PHASE_STRIP = NO;
				DEBUG_INFORMATION_FORMAT = dwarf;
				ENABLE_STRICT_OBJC_MSGSEND = YES;
				ENABLE_TESTABILITY = YES;
				GCC_C_LANGUAGE_STANDARD = gnu11;
				GCC_DYNAMIC_NO_PIC = NO;
				GCC_NO_COMMON_BLOCKS = YES;
				GCC_OPTIMIZATION_LEVEL = 0;
				GCC_PREPROCESSOR_DEFINITIONS = (
					"DEBUG=1",
					"$(inherited)",
				);
				GCC_WARN_64_TO_32_BIT_CONVERSION = YES;
				GCC_WARN_ABOUT_RETURN_TYPE = YES_ERROR;
				GCC_WARN_UNDECLARED_SELECTOR = YES;
				GCC_WARN_UNINITIALIZED_AUTOS = YES_AGGRESSIVE;
				GCC_WARN_UNUSED_FUNCTION = YES;
				GCC_WARN_UNUSED_VARIABLE = YES;
				IPHONEOS_DEPLOYMENT_TARGET = 14.5;
				MTL_ENABLE_DEBUG_INFO = INCLUDE_SOURCE;
				MTL_FAST_MATH = YES;
				ONLY_ACTIVE_ARCH = YES;
				SDKROOT = iphoneos;
				SWIFT_ACTIVE_COMPILATION_CONDITIONS = DEBUG;
				SWIFT_OPTIMIZATION_LEVEL = "-Onone";
			};
			name = Debug;
		};
		4FA526622744D1BB0074DC6C /* Release */ = {
			isa = XCBuildConfiguration;
			buildSettings = {
				ALWAYS_SEARCH_USER_PATHS = NO;
				CLANG_ANALYZER_NONNULL = YES;
				CLANG_ANALYZER_NUMBER_OBJECT_CONVERSION = YES_AGGRESSIVE;
				CLANG_CXX_LANGUAGE_STANDARD = "gnu++14";
				CLANG_CXX_LIBRARY = "libc++";
				CLANG_ENABLE_MODULES = YES;
				CLANG_ENABLE_OBJC_ARC = YES;
				CLANG_ENABLE_OBJC_WEAK = YES;
				CLANG_WARN_BLOCK_CAPTURE_AUTORELEASING = YES;
				CLANG_WARN_BOOL_CONVERSION = YES;
				CLANG_WARN_COMMA = YES;
				CLANG_WARN_CONSTANT_CONVERSION = YES;
				CLANG_WARN_DEPRECATED_OBJC_IMPLEMENTATIONS = YES;
				CLANG_WARN_DIRECT_OBJC_ISA_USAGE = YES_ERROR;
				CLANG_WARN_DOCUMENTATION_COMMENTS = YES;
				CLANG_WARN_EMPTY_BODY = YES;
				CLANG_WARN_ENUM_CONVERSION = YES;
				CLANG_WARN_INFINITE_RECURSION = YES;
				CLANG_WARN_INT_CONVERSION = YES;
				CLANG_WARN_NON_LITERAL_NULL_CONVERSION = YES;
				CLANG_WARN_OBJC_IMPLICIT_RETAIN_SELF = YES;
				CLANG_WARN_OBJC_LITERAL_CONVERSION = YES;
				CLANG_WARN_OBJC_ROOT_CLASS = YES_ERROR;
				CLANG_WARN_QUOTED_INCLUDE_IN_FRAMEWORK_HEADER = YES;
				CLANG_WARN_RANGE_LOOP_ANALYSIS = YES;
				CLANG_WARN_STRICT_PROTOTYPES = YES;
				CLANG_WARN_SUSPICIOUS_MOVE = YES;
				CLANG_WARN_UNGUARDED_AVAILABILITY = YES_AGGRESSIVE;
				CLANG_WARN_UNREACHABLE_CODE = YES;
				CLANG_WARN__DUPLICATE_METHOD_MATCH = YES;
				COPY_PHASE_STRIP = NO;
				DEBUG_INFORMATION_FORMAT = "dwarf-with-dsym";
				ENABLE_NS_ASSERTIONS = NO;
				ENABLE_STRICT_OBJC_MSGSEND = YES;
				GCC_C_LANGUAGE_STANDARD = gnu11;
				GCC_NO_COMMON_BLOCKS = YES;
				GCC_WARN_64_TO_32_BIT_CONVERSION = YES;
				GCC_WARN_ABOUT_RETURN_TYPE = YES_ERROR;
				GCC_WARN_UNDECLARED_SELECTOR = YES;
				GCC_WARN_UNINITIALIZED_AUTOS = YES_AGGRESSIVE;
				GCC_WARN_UNUSED_FUNCTION = YES;
				GCC_WARN_UNUSED_VARIABLE = YES;
				IPHONEOS_DEPLOYMENT_TARGET = 14.5;
				MTL_ENABLE_DEBUG_INFO = NO;
				MTL_FAST_MATH = YES;
				SDKROOT = iphoneos;
				SWIFT_COMPILATION_MODE = wholemodule;
				SWIFT_OPTIMIZATION_LEVEL = "-O";
				VALIDATE_PRODUCT = YES;
			};
			name = Release;
		};
		4FA526642744D1BB0074DC6C /* Debug */ = {
			isa = XCBuildConfiguration;
			buildSettings = {
				ASSETCATALOG_COMPILER_APPICON_NAME = AppIcon;
				ASSETCATALOG_COMPILER_GLOBAL_ACCENT_COLOR_NAME = AccentColor;
				CODE_SIGN_STYLE = Automatic;
				DEVELOPMENT_TEAM = C67XPLQH7M;
				INFOPLIST_FILE = ButtonPanelView/Info.plist;
				LD_RUNPATH_SEARCH_PATHS = (
					"$(inherited)",
					"@executable_path/Frameworks",
				);
				PRODUCT_BUNDLE_IDENTIFIER = com.jhude.ButtonPanelView;
				PRODUCT_NAME = "$(TARGET_NAME)";
				SWIFT_VERSION = 5.0;
				TARGETED_DEVICE_FAMILY = "1,2";
			};
			name = Debug;
		};
		4FA526652744D1BB0074DC6C /* Release */ = {
			isa = XCBuildConfiguration;
			buildSettings = {
				ASSETCATALOG_COMPILER_APPICON_NAME = AppIcon;
				ASSETCATALOG_COMPILER_GLOBAL_ACCENT_COLOR_NAME = AccentColor;
				CODE_SIGN_STYLE = Automatic;
				DEVELOPMENT_TEAM = C67XPLQH7M;
				INFOPLIST_FILE = ButtonPanelView/Info.plist;
				LD_RUNPATH_SEARCH_PATHS = (
					"$(inherited)",
					"@executable_path/Frameworks",
				);
				PRODUCT_BUNDLE_IDENTIFIER = com.jhude.ButtonPanelView;
				PRODUCT_NAME = "$(TARGET_NAME)";
				SWIFT_VERSION = 5.0;
				TARGETED_DEVICE_FAMILY = "1,2";
			};
			name = Release;
		};
/* End XCBuildConfiguration section */

/* Begin XCConfigurationList section */
		4FA526472744D1B70074DC6C /* Build configuration list for PBXProject "ButtonPanelView" */ = {
			isa = XCConfigurationList;
			buildConfigurations = (
				4FA526612744D1BB0074DC6C /* Debug */,
				4FA526622744D1BB0074DC6C /* Release */,
			);
			defaultConfigurationIsVisible = 0;
			defaultConfigurationName = Release;
		};
		4FA526632744D1BB0074DC6C /* Build configuration list for PBXNativeTarget "ButtonPanelView" */ = {
			isa = XCConfigurationList;
			buildConfigurations = (
				4FA526642744D1BB0074DC6C /* Debug */,
				4FA526652744D1BB0074DC6C /* Release */,
			);
			defaultConfigurationIsVisible = 0;
			defaultConfigurationName = Release;
		};
/* End XCConfigurationList section */

/* Begin XCVersionGroup section */
		4FA526582744D1B70074DC6C /* ButtonPanelView.xcdatamodeld */ = {
			isa = XCVersionGroup;
			children = (
				4FA526592744D1B70074DC6C /* ButtonPanelView.xcdatamodel */,
			);
			currentVersion = 4FA526592744D1B70074DC6C /* ButtonPanelView.xcdatamodel */;
			path = ButtonPanelView.xcdatamodeld;
			sourceTree = "<group>";
			versionGroupType = wrapper.xcdatamodel;
		};
/* End XCVersionGroup section */
	};
	rootObject = 4FA526442744D1B70074DC6C /* Project object */;
}
